PODS:
  - boost-for-react-native (1.63.0)
  - DoubleConversion (1.1.6)
  - EddystoneScanner (1.2.13)
  - Folly (2018.10.22.00):
    - boost-for-react-native
    - DoubleConversion
    - Folly/Default (= 2018.10.22.00)
    - glog
  - Folly/Default (2018.10.22.00):
    - boost-for-react-native
    - DoubleConversion
    - glog
  - glog (0.3.5)
  - NearBee (0.2.4):
    - EddystoneScanner
    - Socket.IO-Client-Swift
  - React (0.60.6):
    - React-Core (= 0.60.6)
    - React-DevSupport (= 0.60.6)
    - React-RCTActionSheet (= 0.60.6)
    - React-RCTAnimation (= 0.60.6)
    - React-RCTBlob (= 0.60.6)
    - React-RCTImage (= 0.60.6)
    - React-RCTLinking (= 0.60.6)
    - React-RCTNetwork (= 0.60.6)
    - React-RCTSettings (= 0.60.6)
    - React-RCTText (= 0.60.6)
    - React-RCTVibration (= 0.60.6)
    - React-RCTWebSocket (= 0.60.6)
  - React-Core (0.60.6):
    - Folly (= 2018.10.22.00)
    - React-cxxreact (= 0.60.6)
    - React-jsiexecutor (= 0.60.6)
    - yoga (= 0.60.6.React)
  - React-cxxreact (0.60.6):
    - boost-for-react-native (= 1.63.0)
    - DoubleConversion
    - Folly (= 2018.10.22.00)
    - glog
    - React-jsinspector (= 0.60.6)
  - React-DevSupport (0.60.6):
    - React-Core (= 0.60.6)
    - React-RCTWebSocket (= 0.60.6)
  - React-jsi (0.60.6):
    - boost-for-react-native (= 1.63.0)
    - DoubleConversion
    - Folly (= 2018.10.22.00)
    - glog
    - React-jsi/Default (= 0.60.6)
  - React-jsi/Default (0.60.6):
    - boost-for-react-native (= 1.63.0)
    - DoubleConversion
    - Folly (= 2018.10.22.00)
    - glog
  - React-jsiexecutor (0.60.6):
    - DoubleConversion
    - Folly (= 2018.10.22.00)
    - glog
    - React-cxxreact (= 0.60.6)
    - React-jsi (= 0.60.6)
  - React-jsinspector (0.60.6)
  - React-RCTActionSheet (0.60.6):
    - React-Core (= 0.60.6)
  - React-RCTAnimation (0.60.6):
    - React-Core (= 0.60.6)
  - React-RCTBlob (0.60.6):
    - React-Core (= 0.60.6)
    - React-RCTNetwork (= 0.60.6)
    - React-RCTWebSocket (= 0.60.6)
  - React-RCTImage (0.60.6):
    - React-Core (= 0.60.6)
    - React-RCTNetwork (= 0.60.6)
  - React-RCTLinking (0.60.6):
    - React-Core (= 0.60.6)
  - React-RCTNetwork (0.60.6):
    - React-Core (= 0.60.6)
  - React-RCTSettings (0.60.6):
    - React-Core (= 0.60.6)
  - React-RCTText (0.60.6):
    - React-Core (= 0.60.6)
  - React-RCTVibration (0.60.6):
    - React-Core (= 0.60.6)
  - React-RCTWebSocket (0.60.6):
    - React-Core (= 0.60.6)
  - ReactNativePermissions (1.2.0):
    - React
  - RNCAsyncStorage (1.6.2):
    - React
  - RNNearBee (2.1.0-beta.0):
    - NearBee (~> 0.2.4)
    - React-Core
    - React-cxxreact
    - React-RCTAnimation
    - React-RCTImage
    - React-RCTLinking
    - React-RCTNetwork
    - React-RCTText
    - yoga
  - RNVectorIcons (6.6.0):
    - React
  - Socket.IO-Client-Swift (15.2.0):
    - Starscream (~> 3.1)
  - Starscream (3.1.1)
  - yoga (0.60.6.React)

DEPENDENCIES:
  - DoubleConversion (from `../node_modules/react-native/third-party-podspecs/DoubleConversion.podspec`)
  - Folly (from `../node_modules/react-native/third-party-podspecs/Folly.podspec`)
  - glog (from `../node_modules/react-native/third-party-podspecs/glog.podspec`)
  - NearBee
  - React (from `../node_modules/react-native/`)
  - React-Core (from `../node_modules/react-native/React`)
  - React-cxxreact (from `../node_modules/react-native/ReactCommon/cxxreact`)
  - React-DevSupport (from `../node_modules/react-native/React`)
  - React-jsi (from `../node_modules/react-native/ReactCommon/jsi`)
  - React-jsiexecutor (from `../node_modules/react-native/ReactCommon/jsiexecutor`)
  - React-jsinspector (from `../node_modules/react-native/ReactCommon/jsinspector`)
  - React-RCTActionSheet (from `../node_modules/react-native/Libraries/ActionSheetIOS`)
  - React-RCTAnimation (from `../node_modules/react-native/Libraries/NativeAnimation`)
  - React-RCTBlob (from `../node_modules/react-native/Libraries/Blob`)
  - React-RCTImage (from `../node_modules/react-native/Libraries/Image`)
  - React-RCTLinking (from `../node_modules/react-native/Libraries/LinkingIOS`)
  - React-RCTNetwork (from `../node_modules/react-native/Libraries/Network`)
  - React-RCTSettings (from `../node_modules/react-native/Libraries/Settings`)
  - React-RCTText (from `../node_modules/react-native/Libraries/Text`)
  - React-RCTVibration (from `../node_modules/react-native/Libraries/Vibration`)
  - React-RCTWebSocket (from `../node_modules/react-native/Libraries/WebSocket`)
  - ReactNativePermissions (from `../node_modules/react-native-permissions-ble-fix`)
  - "RNCAsyncStorage (from `../node_modules/@react-native-community/async-storage`)"
  - RNNearBee (from `../node_modules/react-native-nearbee`)
  - RNVectorIcons (from `../node_modules/react-native-vector-icons`)
  - yoga (from `../node_modules/react-native/ReactCommon/yoga`)

SPEC REPOS:
  trunk:
    - boost-for-react-native
    - EddystoneScanner
    - NearBee
    - Socket.IO-Client-Swift
    - Starscream

EXTERNAL SOURCES:
  DoubleConversion:
    :podspec: "../node_modules/react-native/third-party-podspecs/DoubleConversion.podspec"
  Folly:
    :podspec: "../node_modules/react-native/third-party-podspecs/Folly.podspec"
  glog:
    :podspec: "../node_modules/react-native/third-party-podspecs/glog.podspec"
  React:
    :path: "../node_modules/react-native/"
  React-Core:
    :path: "../node_modules/react-native/React"
  React-cxxreact:
    :path: "../node_modules/react-native/ReactCommon/cxxreact"
  React-DevSupport:
    :path: "../node_modules/react-native/React"
  React-jsi:
    :path: "../node_modules/react-native/ReactCommon/jsi"
  React-jsiexecutor:
    :path: "../node_modules/react-native/ReactCommon/jsiexecutor"
  React-jsinspector:
    :path: "../node_modules/react-native/ReactCommon/jsinspector"
  React-RCTActionSheet:
    :path: "../node_modules/react-native/Libraries/ActionSheetIOS"
  React-RCTAnimation:
    :path: "../node_modules/react-native/Libraries/NativeAnimation"
  React-RCTBlob:
    :path: "../node_modules/react-native/Libraries/Blob"
  React-RCTImage:
    :path: "../node_modules/react-native/Libraries/Image"
  React-RCTLinking:
    :path: "../node_modules/react-native/Libraries/LinkingIOS"
  React-RCTNetwork:
    :path: "../node_modules/react-native/Libraries/Network"
  React-RCTSettings:
    :path: "../node_modules/react-native/Libraries/Settings"
  React-RCTText:
    :path: "../node_modules/react-native/Libraries/Text"
  React-RCTVibration:
    :path: "../node_modules/react-native/Libraries/Vibration"
  React-RCTWebSocket:
    :path: "../node_modules/react-native/Libraries/WebSocket"
  ReactNativePermissions:
    :path: "../node_modules/react-native-permissions-ble-fix"
  RNCAsyncStorage:
    :path: "../node_modules/@react-native-community/async-storage"
  RNNearBee:
    :path: "../node_modules/react-native-nearbee"
  RNVectorIcons:
    :path: "../node_modules/react-native-vector-icons"
  yoga:
    :path: "../node_modules/react-native/ReactCommon/yoga"

SPEC CHECKSUMS:
  boost-for-react-native: 39c7adb57c4e60d6c5479dd8623128eb5b3f0f2c
  DoubleConversion: 5805e889d232975c086db112ece9ed034df7a0b2
  EddystoneScanner: bc26bd709596e46bd304d536d0b26f2850269d16
  Folly: 30e7936e1c45c08d884aa59369ed951a8e68cf51
  glog: 1f3da668190260b06b429bb211bfbee5cd790c28
  NearBee: eb791541339892c988cd236f45e3f9abf132cdde
  React: 68e7f8dfc27729eade18423072a143120f2f32ab
  React-Core: fc9dace551f6c8c1007dd2d3cb1bc10c90a01d3e
  React-cxxreact: abe59014fce932d41a08bf1aa5dcad9ca8f0a2c5
  React-DevSupport: b0da2fd9ad4ffb25561bf2a328ab84f78f871bdd
  React-jsi: 1a4248256b96fa453536a8dafe11b784e24e789d
  React-jsiexecutor: 2279e559b921d02dfc6253ebef3dcb3a9dc6c07e
  React-jsinspector: a58b86545a0185f69768e78ac96ca9fe43fa3694
  React-RCTActionSheet: 49f6a67a7efa6688f637296383d453b97ef13645
  React-RCTAnimation: e8047438b2927ebbe630bbf600c7309374075df3
  React-RCTBlob: 2c4b28daca5b3e6e356706d8e0c7436a0e8ef492
  React-RCTImage: 273501f0529775962551613259c20ccdf1a87cd2
  React-RCTLinking: 76c88b3cc98657915a2ba2f20d208e44d0530a43
  React-RCTNetwork: 77c11e672ccdcc33da5d047705f100b016497b15
  React-RCTSettings: f727c25ad26a8a9bd7272a8ba93781bd1f53952a
  React-RCTText: d91537e29e38dc69cf09cbca0875cf5dc7402da6
  React-RCTVibration: 7655d72dfb919dd6d8e135ca108a5a2bd9fcd7b4
  React-RCTWebSocket: 7cd2c8d0f8ddd680dc76404defba7ab1f56b83af
  ReactNativePermissions: f0aec11433d43d45953c678b6982921d83ad94c8
  RNCAsyncStorage: 5ae4d57458804e99f73d427214442a6b10a53856
  RNNearBee: 4df3467623f4cf236d1d8507d9be16622d718bea
  RNVectorIcons: 0bb4def82230be1333ddaeee9fcba45f0b288ed4
  Socket.IO-Client-Swift: 1e3e3a1f09f3312a167f0d781eb2f383d477357c
  Starscream: 4bb2f9942274833f7b4d296a55504dcfc7edb7b0
  yoga: 5079887aa3e4c62142d6bcee493022643ee4d730


PODFILE CHECKSUM: 4c0abe80ffc592a79f2b1e6e70842112705db7f8

COCOAPODS: 1.9.0
