PODS:
  - boost-for-react-native (1.63.0)
  - DoubleConversion (1.1.6)
  - EddystoneScanner (1.1.11)
  - Folly (2018.10.22.00):
    - boost-for-react-native
    - DoubleConversion
    - glog
  - glog (0.3.5)
  - NearBee (0.2.1):
    - EddystoneScanner (~> 1.1.10)
    - Socket.IO-Client-Swift (~> 14.0.0)
  - React (0.59.10):
    - React/Core (= 0.59.10)
  - React/Core (0.59.10):
    - yoga (= 0.59.10.React)
  - React/CxxBridge (0.59.10):
    - Folly (= 2018.10.22.00)
    - React/Core
    - React/cxxreact
    - React/jsiexecutor
  - React/cxxreact (0.59.10):
    - boost-for-react-native (= 1.63.0)
    - DoubleConversion
    - Folly (= 2018.10.22.00)
    - glog
    - React/jsinspector
  - React/DevSupport (0.59.10):
    - React/Core
    - React/RCTWebSocket
  - React/fishhook (0.59.10)
  - React/jsi (0.59.10):
    - DoubleConversion
    - Folly (= 2018.10.22.00)
    - glog
  - React/jsiexecutor (0.59.10):
    - DoubleConversion
    - Folly (= 2018.10.22.00)
    - glog
    - React/cxxreact
    - React/jsi
  - React/jsinspector (0.59.10)
  - React/RCTAnimation (0.59.10):
    - React/Core
  - React/RCTBlob (0.59.10):
    - React/Core
  - React/RCTImage (0.59.10):
    - React/Core
    - React/RCTNetwork
  - React/RCTLinkingIOS (0.59.10):
    - React/Core
  - React/RCTNetwork (0.59.10):
    - React/Core
  - React/RCTText (0.59.10):
    - React/Core
  - React/RCTWebSocket (0.59.10):
    - React/Core
    - React/fishhook
    - React/RCTBlob
  - ReactNativePermissions (1.2.0):
    - React
  - RNCAsyncStorage (1.6.2):
    - React
  - RNNearBee (2.0.1):
    - DoubleConversion (= 1.1.6)
    - Folly (= 2018.10.22.00)
    - glog (= 0.3.5)
    - NearBee (~> 0.2.1)
    - React/Core (= 0.59.10)
    - React/CxxBridge (= 0.59.10)
    - React/RCTAnimation (= 0.59.10)
    - React/RCTImage (= 0.59.10)
    - React/RCTLinkingIOS (= 0.59.10)
    - React/RCTNetwork (= 0.59.10)
    - React/RCTText (= 0.59.10)
    - yoga (= 0.59.10.React)
  - RNVectorIcons (6.4.2):
    - React
  - Socket.IO-Client-Swift (14.0.0):
    - Starscream (~> 3.0.6)
  - Starscream (3.0.6)
  - yoga (0.59.10.React)

DEPENDENCIES:
  - DoubleConversion (from `../node_modules/react-native/third-party-podspecs/DoubleConversion.podspec`)
  - Folly (from `../node_modules/react-native/third-party-podspecs/Folly.podspec`)
  - glog (from `../node_modules/react-native/third-party-podspecs/glog.podspec`)
  - NearBee
  - React/Core (from `../node_modules/react-native`)
  - React/CxxBridge (from `../node_modules/react-native`)
  - React/DevSupport (from `../node_modules/react-native`)
  - React/RCTAnimation (from `../node_modules/react-native`)
  - React/RCTNetwork (from `../node_modules/react-native`)
  - React/RCTText (from `../node_modules/react-native`)
  - React/RCTWebSocket (from `../node_modules/react-native`)
  - ReactNativePermissions (from `../node_modules/react-native-permissions-ble-fix`)
  - "RNCAsyncStorage (from `../node_modules/@react-native-community/async-storage`)"
  - RNNearBee (from `../node_modules/react-native-nearbee`)
  - RNVectorIcons (from `../node_modules/react-native-vector-icons`)
  - yoga (from `../node_modules/react-native/ReactCommon/yoga`)

SPEC REPOS:
  https://github.com/cocoapods/specs.git:
    - boost-for-react-native
    - EddystoneScanner
    - NearBee
    - Socket.IO-Client-Swift
    - Starscream

EXTERNAL SOURCES:
  DoubleConversion:
    :podspec: "../node_modules/react-native/third-party-podspecs/DoubleConversion.podspec"
  Folly:
    :podspec: "../node_modules/react-native/third-party-podspecs/Folly.podspec"
  glog:
    :podspec: "../node_modules/react-native/third-party-podspecs/glog.podspec"
  React:
    :path: "../node_modules/react-native"
  ReactNativePermissions:
    :path: "../node_modules/react-native-permissions-ble-fix"
  RNCAsyncStorage:
    :path: "../node_modules/@react-native-community/async-storage"
  RNNearBee:
    :path: "../node_modules/react-native-nearbee"
  RNVectorIcons:
    :path: "../node_modules/react-native-vector-icons"
  yoga:
    :path: "../node_modules/react-native/ReactCommon/yoga"

SPEC CHECKSUMS:
  boost-for-react-native: 39c7adb57c4e60d6c5479dd8623128eb5b3f0f2c
  DoubleConversion: bb338842f62ab1d708ceb63ec3d999f0f3d98ecd
  EddystoneScanner: 8767ba0519ddd1080c3669d274362bcc4f963ff2
  Folly: de497beb10f102453a1afa9edbf8cf8a251890de
  glog: aefd1eb5dda2ab95ba0938556f34b98e2da3a60d
  NearBee: 1b6e85a611138f632b69b631deb5a82de908670a
  React: 36d0768f9e93be2473b37e7fa64f92c1d5341eef
  ReactNativePermissions: f0aec11433d43d45953c678b6982921d83ad94c8
  RNCAsyncStorage: 5ae4d57458804e99f73d427214442a6b10a53856
  RNNearBee: 04be7e5fb92d55c411763585404e985f73e887b9
  RNVectorIcons: 6607bd3a30291d0edb56f9bbe7ae411ee2b928b0
  Socket.IO-Client-Swift: 21e6a8a23a7d367d5ddfab6cbbd3c679cf3c25d6
  Starscream: ef3ece99d765eeccb67de105bfa143f929026cf5
  yoga: 684513b14b03201579ba3cee20218c9d1298b0cc

PODFILE CHECKSUM: a7511c4f3508da84dc99ec45fc908633533c42d9

COCOAPODS: 1.6.0
